
Microsoft Visual Studio Solution File, Format Version 12.00
# Visual Studio Version 17
VisualStudioVersion = 17.8.34219.65
MinimumVisualStudioVersion = 10.0.40219.1
Project("{FAE04EC0-301F-11D3-BF4B-00C04F79EFBC}") = "TiemDien", "TiemDien\TiemDien.csproj", "{06844DDF-8925-408F-9588-9E5D85C698DD}"
EndProject
Global
	GlobalSection(SolutionConfigurationPlatforms) = preSolution
		Debug|Any CPU = Debug|Any CPU
		Release|Any CPU = Release|Any CPU
	EndGlobalSection
	GlobalSection(ProjectConfigurationPlatforms) = postSolution
		{06844DDF-8925-408F-9588-9E5D85C698DD}.Debug|Any CPU.ActiveCfg = Debug|Any CPU
		{06844DDF-8925-408F-9588-9E5D85C698DD}.Debug|Any CPU.Build.0 = Debug|Any CPU
		{06844DDF-8925-408F-9588-9E5D85C698DD}.Release|Any CPU.ActiveCfg = Release|Any CPU
		{06844DDF-8925-408F-9588-9E5D85C698DD}.Release|Any CPU.Build.0 = Release|Any CPU
	EndGlobalSection
	GlobalSection(SolutionProperties) = preSolution
		HideSolutionNode = FALSE
	EndGlobalSection
	GlobalSection(ExtensibilityGlobals) = postSolution
		SolutionGuid = {AFB68F0D-13A2-4FEB-BD3F-24A6D0812666}
	EndGlobalSection
EndGlobal
